
Microsoft Visual Studio Solution File, Format Version 12.00
# Visual Studio Version 17
VisualStudioVersion = 17.1.32421.90
MinimumVisualStudioVersion = 10.0.40219.1
Project("{FAE04EC0-301F-11D3-BF4B-00C04F79EFBC}") = "csharp-biblioteca", "csharp-biblioteca.csproj", "{31CA6FBB-4B0C-4E06-9D3E-281C2734E991}"
EndProject
Global
	GlobalSection(SolutionConfigurationPlatforms) = preSolution
		Debug|Any CPU = Debug|Any CPU
		Release|Any CPU = Release|Any CPU
	EndGlobalSection
	GlobalSection(ProjectConfigurationPlatforms) = postSolution
		{31CA6FBB-4B0C-4E06-9D3E-281C2734E991}.Debug|Any CPU.ActiveCfg = Debug|Any CPU
		{31CA6FBB-4B0C-4E06-9D3E-281C2734E991}.Debug|Any CPU.Build.0 = Debug|Any CPU
		{31CA6FBB-4B0C-4E06-9D3E-281C2734E991}.Release|Any CPU.ActiveCfg = Release|Any CPU
		{31CA6FBB-4B0C-4E06-9D3E-281C2734E991}.Release|Any CPU.Build.0 = Release|Any CPU
	EndGlobalSection
	GlobalSection(SolutionProperties) = preSolution
		HideSolutionNode = FALSE
	EndGlobalSection
	GlobalSection(ExtensibilityGlobals) = postSolution
		SolutionGuid = {F150E85B-A4E2-481D-A27C-C8772FC5A0C5}
	EndGlobalSection
EndGlobal
